{
  "name": "test_bad_words",
  "version": "1.0.0",
  "lockfileVersion": 3,
  "requires": true,
  "packages": {
    "": {
      "name": "test_bad_words",
      "version": "1.0.0",
      "license": "ISC",
      "dependencies": {
        "bad-words": "^3.0.4"
      }
    },
    "node_modules/bad-words": {
      "version": "3.0.4",
      "resolved": "https://registry.npmjs.org/bad-words/-/bad-words-3.0.4.tgz",
      "integrity": "sha512-v/Q9uRPH4+yzDVLL4vR1+S9KoFgOEUl5s4axd6NIAq8SV2mradgi4E8lma/Y0cw1ltVdvyegCQQKffCPRCp8fg==",
      "dependencies": {
        "badwords-list": "^1.0.0"
      },
      "engines": {
        "node": ">=8.0.0"
      }
    },
    "node_modules/badwords-list": {
      "version": "1.0.0",
      "resolved": "https://registry.npmjs.org/badwords-list/-/badwords-list-1.0.0.tgz",
      "integrity": "sha512-oWhaSG67e+HQj3OGHQt2ucP+vAPm1wTbdp2aDHeuh4xlGXBdWwzZ//pfu6swf5gZ8iX0b7JgmSo8BhgybbqszA=="
    }
  }
}
